// !$*UTF8*$!
{
	archiveVersion = 1;
	classes = {
	};
	objectVersion = 50;
	objects = {

/* Begin PBXBuildFile section */
		A3811BD7207DEDD900E20BAD /* main.swift in Sources */ = {isa = PBXBuildFile; fileRef = A3811BD6207DEDD900E20BAD /* main.swift */; };
		A3811BDE207DEE4000E20BAD /* APILoader.swift in Sources */ = {isa = PBXBuildFile; fileRef = A3811BDD207DEE4000E20BAD /* APILoader.swift */; };
		A3811BE0207DEE4E00E20BAD /* APIGenerator.swift in Sources */ = {isa = PBXBuildFile; fileRef = A3811BDF207DEE4E00E20BAD /* APIGenerator.swift */; };
		A3811BE2207DF52C00E20BAD /* TypeMapper.swift in Sources */ = {isa = PBXBuildFile; fileRef = A3811BE1207DF52C00E20BAD /* TypeMapper.swift */; };
/* End PBXBuildFile section */

/* Begin PBXCopyFilesBuildPhase section */
		A3811BD1207DEDD900E20BAD /* CopyFiles */ = {
			isa = PBXCopyFilesBuildPhase;
			buildActionMask = 2147483647;
			dstPath = /usr/share/man/man1/;
			dstSubfolderSpec = 0;
			files = (
			);
			runOnlyForDeploymentPostprocessing = 1;
		};
/* End PBXCopyFilesBuildPhase section */

/* Begin PBXFileReference section */
		A3811BD3207DEDD900E20BAD /* WBSDKGenerator */ = {isa = PBXFileReference; explicitFileType = "compiled.mach-o.executable"; includeInIndex = 0; path = WBSDKGenerator; sourceTree = BUILT_PRODUCTS_DIR; };
		A3811BD6207DEDD900E20BAD /* main.swift */ = {isa = PBXFileReference; lastKnownFileType = sourcecode.swift; path = main.swift; sourceTree = "<group>"; };
		A3811BDD207DEE4000E20BAD /* APILoader.swift */ = {isa = PBXFileReference; lastKnownFileType = sourcecode.swift; path = APILoader.swift; sourceTree = "<group>"; };
		A3811BDF207DEE4E00E20BAD /* APIGenerator.swift */ = {isa = PBXFileReference; lastKnownFileType = sourcecode.swift; path = APIGenerator.swift; sourceTree = "<group>"; };
		A3811BE1207DF52C00E20BAD /* TypeMapper.swift */ = {isa = PBXFileReference; lastKnownFileType = sourcecode.swift; path = TypeMapper.swift; sourceTree = "<group>"; };
/* End PBXFileReference section */

/* Begin PBXFrameworksBuildPhase section */
		A3811BD0207DEDD900E20BAD /* Frameworks */ = {
			isa = PBXFrameworksBuildPhase;
			buildActionMask = 2147483647;
			files = (
			);
			runOnlyForDeploymentPostprocessing = 0;
		};
/* End PBXFrameworksBuildPhase section */

/* Begin PBXGroup section */
		A3811BCA207DEDD900E20BAD = {
			isa = PBXGroup;
			children = (
				A3811BD5207DEDD900E20BAD /* WBSDKGenerator */,
				A3811BD4207DEDD900E20BAD /* Products */,
			);
			sourceTree = "<group>";
		};
		A3811BD4207DEDD900E20BAD /* Products */ = {
			isa = PBXGroup;
			children = (
				A3811BD3207DEDD900E20BAD /* WBSDKGenerator */,
			);
			name = Products;
			sourceTree = "<group>";
		};
		A3811BD5207DEDD900E20BAD /* WBSDKGenerator */ = {
			isa = PBXGroup;
			children = (
				A3811BD6207DEDD900E20BAD /* main.swift */,
				A3811BDD207DEE4000E20BAD /* APILoader.swift */,
				A3811BDF207DEE4E00E20BAD /* APIGenerator.swift */,
				A3811BE1207DF52C00E20BAD /* TypeMapper.swift */,
			);
			path = WBSDKGenerator;
			sourceTree = "<group>";
		};
/* End PBXGroup section */

/* Begin PBXNativeTarget section */
		A3811BD2207DEDD900E20BAD /* WBSDKGenerator */ = {
			isa = PBXNativeTarget;
			buildConfigurationList = A3811BDA207DEDD900E20BAD /* Build configuration list for PBXNativeTarget "WBSDKGenerator" */;
			buildPhases = (
				A3811BCF207DEDD900E20BAD /* Sources */,
				A3811BD0207DEDD900E20BAD /* Frameworks */,
				A3811BD1207DEDD900E20BAD /* CopyFiles */,
			);
			buildRules = (
			);
			dependencies = (
			);
			name = WBSDKGenerator;
			productName = WBSDKGenerator;
			productReference = A3811BD3207DEDD900E20BAD /* WBSDKGenerator */;
			productType = "com.apple.product-type.tool";
		};
/* End PBXNativeTarget section */

/* Begin PBXProject section */
		A3811BCB207DEDD900E20BAD /* Project object */ = {
			isa = PBXProject;
			attributes = {
				LastSwiftUpdateCheck = 0930;
				LastUpgradeCheck = 0930;
				ORGANIZATIONNAME = shuifeng.me;
				TargetAttributes = {
					A3811BD2207DEDD900E20BAD = {
						CreatedOnToolsVersion = 9.3;
					};
				};
			};
			buildConfigurationList = A3811BCE207DEDD900E20BAD /* Build configuration list for PBXProject "WBSDKGenerator" */;
			compatibilityVersion = "Xcode 9.3";
			developmentRegion = en;
			hasScannedForEncodings = 0;
			knownRegions = (
				en,
			);
			mainGroup = A3811BCA207DEDD900E20BAD;
			productRefGroup = A3811BD4207DEDD900E20BAD /* Products */;
			projectDirPath = "";
			projectRoot = "";
			targets = (
				A3811BD2207DEDD900E20BAD /* WBSDKGenerator */,
			);
		};
/* End PBXProject section */

/* Begin PBXSourcesBuildPhase section */
		A3811BCF207DEDD900E20BAD /* Sources */ = {
			isa = PBXSourcesBuildPhase;
			buildActionMask = 2147483647;
			files = (
				A3811BE0207DEE4E00E20BAD /* APIGenerator.swift in Sources */,
				A3811BD7207DEDD900E20BAD /* main.swift in Sources */,
				A3811BE2207DF52C00E20BAD /* TypeMapper.swift in Sources */,
				A3811BDE207DEE4000E20BAD /* APILoader.swift in Sources */,
			);
			runOnlyForDeploymentPostprocessing = 0;
		};
/* End PBXSourcesBuildPhase section */

/* Begin XCBuildConfiguration section */
		A3811BD8207DEDD900E20BAD /* Debug */ = {
			isa = XCBuildConfiguration;
			buildSettings = {
				ALWAYS_SEARCH_USER_PATHS = NO;
				CLANG_ANALYZER_NONNULL = YES;
				CLANG_ANALYZER_NUMBER_OBJECT_CONVERSION = YES_AGGRESSIVE;
				CLANG_CXX_LANGUAGE_STANDARD = "gnu++14";
				CLANG_CXX_LIBRARY = "libc++";
				CLANG_ENABLE_MODULES = YES;
				CLANG_ENABLE_OBJC_ARC = YES;
				CLANG_ENABLE_OBJC_WEAK = YES;
				CLANG_WARN_BLOCK_CAPTURE_AUTORELEASING = YES;
				CLANG_WARN_BOOL_CONVERSION = YES;
				CLANG_WARN_COMMA = YES;
				CLANG_WARN_CONSTANT_CONVERSION = YES;
				CLANG_WARN_DEPRECATED_OBJC_IMPLEMENTATIONS = YES;
				CLANG_WARN_DIRECT_OBJC_ISA_USAGE = YES_ERROR;
				CLANG_WARN_DOCUMENTATION_COMMENTS = YES;
				CLANG_WARN_EMPTY_BODY = YES;
				CLANG_WARN_ENUM_CONVERSION = YES;
				CLANG_WARN_INFINITE_RECURSION = YES;
				CLANG_WARN_INT_CONVERSION = YES;
				CLANG_WARN_NON_LITERAL_NULL_CONVERSION = YES;
				CLANG_WARN_OBJC_IMPLICIT_RETAIN_SELF = YES;
				CLANG_WARN_OBJC_LITERAL_CONVERSION = YES;
				CLANG_WARN_OBJC_ROOT_CLASS = YES_ERROR;
				CLANG_WARN_RANGE_LOOP_ANALYSIS = YES;
				CLANG_WARN_STRICT_PROTOTYPES = YES;
				CLANG_WARN_SUSPICIOUS_MOVE = YES;
				CLANG_WARN_UNGUARDED_AVAILABILITY = YES_AGGRESSIVE;
				CLANG_WARN_UNREACHABLE_CODE = YES;
				CLANG_WARN__DUPLICATE_METHOD_MATCH = YES;
				CODE_SIGN_IDENTITY = "-";
				COPY_PHASE_STRIP = NO;
				DEBUG_INFORMATION_FORMAT = dwarf;
				ENABLE_STRICT_OBJC_MSGSEND = YES;
				ENABLE_TESTABILITY = YES;
				GCC_C_LANGUAGE_STANDARD = gnu11;
				GCC_DYNAMIC_NO_PIC = NO;
				GCC_NO_COMMON_BLOCKS = YES;
				GCC_OPTIMIZATION_LEVEL = 0;
				GCC_PREPROCESSOR_DEFINITIONS = (
					"DEBUG=1",
					"$(inherited)",
				);
				GCC_WARN_64_TO_32_BIT_CONVERSION = YES;
				GCC_WARN_ABOUT_RETURN_TYPE = YES_ERROR;
				GCC_WARN_UNDECLARED_SELECTOR = YES;
				GCC_WARN_UNINITIALIZED_AUTOS = YES_AGGRESSIVE;
				GCC_WARN_UNUSED_FUNCTION = YES;
				GCC_WARN_UNUSED_VARIABLE = YES;
				MACOSX_DEPLOYMENT_TARGET = 10.13;
				MTL_ENABLE_DEBUG_INFO = YES;
				ONLY_ACTIVE_ARCH = YES;
				SDKROOT = macosx;
				SWIFT_ACTIVE_COMPILATION_CONDITIONS = DEBUG;
				SWIFT_OPTIMIZATION_LEVEL = "-Onone";
			};
			name = Debug;
		};
		A3811BD9207DEDD900E20BAD /* Release */ = {
			isa = XCBuildConfiguration;
			buildSettings = {
				ALWAYS_SEARCH_USER_PATHS = NO;
				CLANG_ANALYZER_NONNULL = YES;
				CLANG_ANALYZER_NUMBER_OBJECT_CONVERSION = YES_AGGRESSIVE;
				CLANG_CXX_LANGUAGE_STANDARD = "gnu++14";
				CLANG_CXX_LIBRARY = "libc++";
				CLANG_ENABLE_MODULES = YES;
				CLANG_ENABLE_OBJC_ARC = YES;
				CLANG_ENABLE_OBJC_WEAK = YES;
				CLANG_WARN_BLOCK_CAPTURE_AUTORELEASING = YES;
				CLANG_WARN_BOOL_CONVERSION = YES;
				CLANG_WARN_COMMA = YES;
				CLANG_WARN_CONSTANT_CONVERSION = YES;
				CLANG_WARN_DEPRECATED_OBJC_IMPLEMENTATIONS = YES;
				CLANG_WARN_DIRECT_OBJC_ISA_USAGE = YES_ERROR;
				CLANG_WARN_DOCUMENTATION_COMMENTS = YES;
				CLANG_WARN_EMPTY_BODY = YES;
				CLANG_WARN_ENUM_CONVERSION = YES;
				CLANG_WARN_INFINITE_RECURSION = YES;
				CLANG_WARN_INT_CONVERSION = YES;
				CLANG_WARN_NON_LITERAL_NULL_CONVERSION = YES;
				CLANG_WARN_OBJC_IMPLICIT_RETAIN_SELF = YES;
				CLANG_WARN_OBJC_LITERAL_CONVERSION = YES;
				CLANG_WARN_OBJC_ROOT_CLASS = YES_ERROR;
				CLANG_WARN_RANGE_LOOP_ANALYSIS = YES;
				CLANG_WARN_STRICT_PROTOTYPES = YES;
				CLANG_WARN_SUSPICIOUS_MOVE = YES;
				CLANG_WARN_UNGUARDED_AVAILABILITY = YES_AGGRESSIVE;
				CLANG_WARN_UNREACHABLE_CODE = YES;
				CLANG_WARN__DUPLICATE_METHOD_MATCH = YES;
				CODE_SIGN_IDENTITY = "-";
				COPY_PHASE_STRIP = NO;
				DEBUG_INFORMATION_FORMAT = "dwarf-with-dsym";
				ENABLE_NS_ASSERTIONS = NO;
				ENABLE_STRICT_OBJC_MSGSEND = YES;
				GCC_C_LANGUAGE_STANDARD = gnu11;
				GCC_NO_COMMON_BLOCKS = YES;
				GCC_WARN_64_TO_32_BIT_CONVERSION = YES;
				GCC_WARN_ABOUT_RETURN_TYPE = YES_ERROR;
				GCC_WARN_UNDECLARED_SELECTOR = YES;
				GCC_WARN_UNINITIALIZED_AUTOS = YES_AGGRESSIVE;
				GCC_WARN_UNUSED_FUNCTION = YES;
				GCC_WARN_UNUSED_VARIABLE = YES;
				MACOSX_DEPLOYMENT_TARGET = 10.13;
				MTL_ENABLE_DEBUG_INFO = NO;
				SDKROOT = macosx;
				SWIFT_COMPILATION_MODE = wholemodule;
				SWIFT_OPTIMIZATION_LEVEL = "-O";
			};
			name = Release;
		};
		A3811BDB207DEDD900E20BAD /* Debug */ = {
			isa = XCBuildConfiguration;
			buildSettings = {
				CODE_SIGN_STYLE = Automatic;
				PRODUCT_NAME = "$(TARGET_NAME)";
				SWIFT_VERSION = 4.0;
			};
			name = Debug;
		};
		A3811BDC207DEDD900E20BAD /* Release */ = {
			isa = XCBuildConfiguration;
			buildSettings = {
				CODE_SIGN_STYLE = Automatic;
				PRODUCT_NAME = "$(TARGET_NAME)";
				SWIFT_VERSION = 4.0;
			};
			name = Release;
		};
/* End XCBuildConfiguration section */

/* Begin XCConfigurationList section */
		A3811BCE207DEDD900E20BAD /* Build configuration list for PBXProject "WBSDKGenerator" */ = {
			isa = XCConfigurationList;
			buildConfigurations = (
				A3811BD8207DEDD900E20BAD /* Debug */,
				A3811BD9207DEDD900E20BAD /* Release */,
			);
			defaultConfigurationIsVisible = 0;
			defaultConfigurationName = Release;
		};
		A3811BDA207DEDD900E20BAD /* Build configuration list for PBXNativeTarget "WBSDKGenerator" */ = {
			isa = XCConfigurationList;
			buildConfigurations = (
				A3811BDB207DEDD900E20BAD /* Debug */,
				A3811BDC207DEDD900E20BAD /* Release */,
			);
			defaultConfigurationIsVisible = 0;
			defaultConfigurationName = Release;
		};
/* End XCConfigurationList section */
	};
	rootObject = A3811BCB207DEDD900E20BAD /* Project object */;
}
